{
  "name": "check",
  "version": "1.0.0",
  "lockfileVersion": 3,
  "requires": true,
  "packages": {
    "": {
      "name": "check",
      "version": "1.0.0",
      "license": "ISC",
      "dependencies": {
        "greet-vivek": "^1.0.1"
      }
    },
    "node_modules/greet-vivek": {
      "version": "1.0.1",
      "resolved": "https://registry.npmjs.org/greet-vivek/-/greet-vivek-1.0.1.tgz",
      "integrity": "sha512-lkCupMYqU/n7/t2Rq0noI83NrIe3yO5SvOt5JEO/rFWXIc9oBHl1OnRr+cFOuUMPRR7CeAUDCWXpVulTgVvk1w==",
      "dependencies": {
        "upper-case": "^2.0.2"
      }
    },
    "node_modules/tslib": {
      "version": "2.6.2",
      "resolved": "https://registry.npmjs.org/tslib/-/tslib-2.6.2.tgz",
      "integrity": "sha512-AEYxH93jGFPn/a2iVAwW87VuUIkR1FVUKB77NwMF7nBTDkDrrT/Hpt/IrCJ0QXhW27jTBDcf5ZY7w6RiqTMw2Q=="
    },
    "node_modules/upper-case": {
      "version": "2.0.2",
      "resolved": "https://registry.npmjs.org/upper-case/-/upper-case-2.0.2.tgz",
      "integrity": "sha512-KgdgDGJt2TpuwBUIjgG6lzw2GWFRCW9Qkfkiv0DxqHHLYJHmtmdUIKcZd8rHgFSjopVTlw6ggzCm1b8MFQwikg==",
      "dependencies": {
        "tslib": "^2.0.3"
      }
    }
  }
}
